
Microsoft Visual Studio Solution File, Format Version 12.00
# Visual Studio Version 17
VisualStudioVersion = 17.11.35219.272
MinimumVisualStudioVersion = 10.0.40219.1
Project("{9A19103F-16F7-4668-BE54-9A1E7A4F7556}") = "Formula", "Formula\Formula.csproj", "{DABBEDAF-93A7-4743-83F5-101F7DF5551C}"
EndProject
Project("{2150E333-8FDC-42A3-9474-1A3956D46DE8}") = "Solution Items", "Solution Items", "{1C334A2E-7942-4CD2-82F5-BE26D4FD0B52}"
	ProjectSection(SolutionItems) = preProject
		editorconfig = editorconfig
		GUI.Client\Program.cs = GUI.Client\Program.cs
		README.md = README.md
	EndProjectSection
EndProject
Project("{9A19103F-16F7-4668-BE54-9A1E7A4F7556}") = "FormulaTests", "FormulaTests\FormulaTests.csproj", "{F723E669-24CA-4997-AB97-4131D81907D1}"
EndProject
Project("{9A19103F-16F7-4668-BE54-9A1E7A4F7556}") = "DependencyGraphTests", "DependencyGraphTests\DependencyGraphTests.csproj", "{1A6E2904-DFA6-4390-84E0-DFFD5F420D1D}"
EndProject
Project("{9A19103F-16F7-4668-BE54-9A1E7A4F7556}") = "DependencyGraph", "DependencyGraph\DependencyGraph.csproj", "{E9344973-5BDD-4A80-A4A0-91F81AC14648}"
EndProject
Project("{9A19103F-16F7-4668-BE54-9A1E7A4F7556}") = "Spreadsheet", "Spreadsheet\Spreadsheet.csproj", "{BB50BFC5-945E-419D-B6E7-4152C849D741}"
EndProject
Project("{9A19103F-16F7-4668-BE54-9A1E7A4F7556}") = "SpreadsheetTests", "SpreadsheetTests\SpreadsheetTests.csproj", "{7331DA29-728E-414D-A9C6-2F9B27D60998}"
EndProject
Project("{9A19103F-16F7-4668-BE54-9A1E7A4F7556}") = "GUI", "GUI\GUI.csproj", "{F83D7CD4-B104-42AD-BC59-2C69EBCB8F50}"
EndProject
Project("{9A19103F-16F7-4668-BE54-9A1E7A4F7556}") = "GUI.Client", "GUI.Client\GUI.Client.csproj", "{A89D0359-AF8C-4033-AAAD-C30A5A39B725}"
EndProject
Global
	GlobalSection(SolutionConfigurationPlatforms) = preSolution
		Debug|Any CPU = Debug|Any CPU
		Release|Any CPU = Release|Any CPU
	EndGlobalSection
	GlobalSection(ProjectConfigurationPlatforms) = postSolution
		{DABBEDAF-93A7-4743-83F5-101F7DF5551C}.Debug|Any CPU.ActiveCfg = Debug|Any CPU
		{DABBEDAF-93A7-4743-83F5-101F7DF5551C}.Debug|Any CPU.Build.0 = Debug|Any CPU
		{DABBEDAF-93A7-4743-83F5-101F7DF5551C}.Release|Any CPU.ActiveCfg = Release|Any CPU
		{DABBEDAF-93A7-4743-83F5-101F7DF5551C}.Release|Any CPU.Build.0 = Release|Any CPU
		{F723E669-24CA-4997-AB97-4131D81907D1}.Debug|Any CPU.ActiveCfg = Debug|Any CPU
		{F723E669-24CA-4997-AB97-4131D81907D1}.Debug|Any CPU.Build.0 = Debug|Any CPU
		{F723E669-24CA-4997-AB97-4131D81907D1}.Release|Any CPU.ActiveCfg = Release|Any CPU
		{F723E669-24CA-4997-AB97-4131D81907D1}.Release|Any CPU.Build.0 = Release|Any CPU
		{1A6E2904-DFA6-4390-84E0-DFFD5F420D1D}.Debug|Any CPU.ActiveCfg = Debug|Any CPU
		{1A6E2904-DFA6-4390-84E0-DFFD5F420D1D}.Debug|Any CPU.Build.0 = Debug|Any CPU
		{1A6E2904-DFA6-4390-84E0-DFFD5F420D1D}.Release|Any CPU.ActiveCfg = Release|Any CPU
		{1A6E2904-DFA6-4390-84E0-DFFD5F420D1D}.Release|Any CPU.Build.0 = Release|Any CPU
		{E9344973-5BDD-4A80-A4A0-91F81AC14648}.Debug|Any CPU.ActiveCfg = Debug|Any CPU
		{E9344973-5BDD-4A80-A4A0-91F81AC14648}.Debug|Any CPU.Build.0 = Debug|Any CPU
		{E9344973-5BDD-4A80-A4A0-91F81AC14648}.Release|Any CPU.ActiveCfg = Release|Any CPU
		{E9344973-5BDD-4A80-A4A0-91F81AC14648}.Release|Any CPU.Build.0 = Release|Any CPU
		{BB50BFC5-945E-419D-B6E7-4152C849D741}.Debug|Any CPU.ActiveCfg = Debug|Any CPU
		{BB50BFC5-945E-419D-B6E7-4152C849D741}.Debug|Any CPU.Build.0 = Debug|Any CPU
		{BB50BFC5-945E-419D-B6E7-4152C849D741}.Release|Any CPU.ActiveCfg = Release|Any CPU
		{BB50BFC5-945E-419D-B6E7-4152C849D741}.Release|Any CPU.Build.0 = Release|Any CPU
		{7331DA29-728E-414D-A9C6-2F9B27D60998}.Debug|Any CPU.ActiveCfg = Debug|Any CPU
		{7331DA29-728E-414D-A9C6-2F9B27D60998}.Debug|Any CPU.Build.0 = Debug|Any CPU
		{7331DA29-728E-414D-A9C6-2F9B27D60998}.Release|Any CPU.ActiveCfg = Release|Any CPU
		{7331DA29-728E-414D-A9C6-2F9B27D60998}.Release|Any CPU.Build.0 = Release|Any CPU
		{F83D7CD4-B104-42AD-BC59-2C69EBCB8F50}.Debug|Any CPU.ActiveCfg = Debug|Any CPU
		{F83D7CD4-B104-42AD-BC59-2C69EBCB8F50}.Debug|Any CPU.Build.0 = Debug|Any CPU
		{F83D7CD4-B104-42AD-BC59-2C69EBCB8F50}.Release|Any CPU.ActiveCfg = Release|Any CPU
		{F83D7CD4-B104-42AD-BC59-2C69EBCB8F50}.Release|Any CPU.Build.0 = Release|Any CPU
		{A89D0359-AF8C-4033-AAAD-C30A5A39B725}.Debug|Any CPU.ActiveCfg = Debug|Any CPU
		{A89D0359-AF8C-4033-AAAD-C30A5A39B725}.Debug|Any CPU.Build.0 = Debug|Any CPU
		{A89D0359-AF8C-4033-AAAD-C30A5A39B725}.Release|Any CPU.ActiveCfg = Release|Any CPU
		{A89D0359-AF8C-4033-AAAD-C30A5A39B725}.Release|Any CPU.Build.0 = Release|Any CPU
	EndGlobalSection
	GlobalSection(SolutionProperties) = preSolution
		HideSolutionNode = FALSE
	EndGlobalSection
	GlobalSection(ExtensibilityGlobals) = postSolution
		SolutionGuid = {1C4267A2-5064-4697-86A5-0F9CCD4C754B}
	EndGlobalSection
EndGlobal
