
Microsoft Visual Studio Solution File, Format Version 12.00
# Visual Studio Version 17
VisualStudioVersion = 17.11.35303.130
MinimumVisualStudioVersion = 10.0.40219.1
Project("{FAE04EC0-301F-11D3-BF4B-00C04F79EFBC}") = "GUI", "GUI\GUI.csproj", "{8DB5D295-5AAD-4581-8DC3-6AC6F79BE4EB}"
EndProject
Project("{FAE04EC0-301F-11D3-BF4B-00C04F79EFBC}") = "GUI.Client", "GUI.Client\GUI.Client.csproj", "{D9CE7ACE-6A21-443F-99C3-485C2B102289}"
EndProject
Global
	GlobalSection(SolutionConfigurationPlatforms) = preSolution
		Debug|Any CPU = Debug|Any CPU
		Release|Any CPU = Release|Any CPU
	EndGlobalSection
	GlobalSection(ProjectConfigurationPlatforms) = postSolution
		{8DB5D295-5AAD-4581-8DC3-6AC6F79BE4EB}.Debug|Any CPU.ActiveCfg = Debug|Any CPU
		{8DB5D295-5AAD-4581-8DC3-6AC6F79BE4EB}.Debug|Any CPU.Build.0 = Debug|Any CPU
		{8DB5D295-5AAD-4581-8DC3-6AC6F79BE4EB}.Release|Any CPU.ActiveCfg = Release|Any CPU
		{8DB5D295-5AAD-4581-8DC3-6AC6F79BE4EB}.Release|Any CPU.Build.0 = Release|Any CPU
		{D9CE7ACE-6A21-443F-99C3-485C2B102289}.Debug|Any CPU.ActiveCfg = Debug|Any CPU
		{D9CE7ACE-6A21-443F-99C3-485C2B102289}.Debug|Any CPU.Build.0 = Debug|Any CPU
		{D9CE7ACE-6A21-443F-99C3-485C2B102289}.Release|Any CPU.ActiveCfg = Release|Any CPU
		{D9CE7ACE-6A21-443F-99C3-485C2B102289}.Release|Any CPU.Build.0 = Release|Any CPU
	EndGlobalSection
	GlobalSection(SolutionProperties) = preSolution
		HideSolutionNode = FALSE
	EndGlobalSection
	GlobalSection(ExtensibilityGlobals) = postSolution
		SolutionGuid = {F977588F-E93A-4EA1-A9C0-2CDC1F1AD212}
	EndGlobalSection
EndGlobal
